
Microsoft Visual Studio Solution File, Format Version 12.00
# Visual Studio Version 17
VisualStudioVersion = 17.9.34616.47
MinimumVisualStudioVersion = 10.0.40219.1
Project("{2150E333-8FDC-42A3-9474-1A3956D46DE8}") = "Src", "Src", "{A4938CEC-DF6C-46ED-811B-294BC2F9192C}"
EndProject
Project("{2150E333-8FDC-42A3-9474-1A3956D46DE8}") = "Services", "Services", "{E50AE872-56A9-4D1A-8E3B-3DE93341A9D4}"
EndProject
Project("{2150E333-8FDC-42A3-9474-1A3956D46DE8}") = "IDPService", "IDPService", "{A6181309-D701-4FF4-9FCD-F6422553E24E}"
EndProject
Project("{FAE04EC0-301F-11D3-BF4B-00C04F79EFBC}") = "IDP.Api", "Src\Services\IDPService\IDP.Api\IDP.Api.csproj", "{2330B190-2C26-4FE4-890B-226C7A21BEDA}"
EndProject
Project("{FAE04EC0-301F-11D3-BF4B-00C04F79EFBC}") = "IDP.Domain", "Src\Services\IDPService\IDP.Domain\IDP.Domain.csproj", "{77359D85-AB03-41BA-99D3-EE66A2F5B75F}"
EndProject
Project("{FAE04EC0-301F-11D3-BF4B-00C04F79EFBC}") = "IDP.Application", "Src\Services\IDPService\IDP.Application\IDP.Application.csproj", "{580DA0FB-527F-4C24-89D6-BFAC18E5B7EC}"
EndProject
Project("{FAE04EC0-301F-11D3-BF4B-00C04F79EFBC}") = "IDP.Infra", "Src\Services\IDPService\IDP.Infra\IDP.Infra.csproj", "{836BE674-EEBE-4259-B556-997A3CCD3F27}"
EndProject
Project("{FAE04EC0-301F-11D3-BF4B-00C04F79EFBC}") = "IDP.Ioc", "Src\Services\IDPService\IDP.Ioc\IDP.Ioc.csproj", "{227C0430-BBD7-4289-9AE7-5D66AC5D645B}"
EndProject
Project("{FAE04EC0-301F-11D3-BF4B-00C04F79EFBC}") = "IDP.UnitTest", "Src\Services\IDPService\IDP.UnitTest\IDP.UnitTest.csproj", "{751BA50D-FFC4-46BD-9477-BC3FA31364A9}"
EndProject
Project("{2150E333-8FDC-42A3-9474-1A3956D46DE8}") = "Common", "Common", "{137E3EED-4372-431A-B7AD-1F7F2F168F3D}"
EndProject
Project("{2150E333-8FDC-42A3-9474-1A3956D46DE8}") = "OrderService", "OrderService", "{D28F978F-FEBA-421D-B9E1-D2D6647B60A8}"
EndProject
Project("{2150E333-8FDC-42A3-9474-1A3956D46DE8}") = "ReportService", "ReportService", "{71BA3589-10BD-4DEA-91BB-8D37A8131244}"
EndProject
Global
	GlobalSection(SolutionConfigurationPlatforms) = preSolution
		Debug|Any CPU = Debug|Any CPU
		Release|Any CPU = Release|Any CPU
	EndGlobalSection
	GlobalSection(ProjectConfigurationPlatforms) = postSolution
		{2330B190-2C26-4FE4-890B-226C7A21BEDA}.Debug|Any CPU.ActiveCfg = Debug|Any CPU
		{2330B190-2C26-4FE4-890B-226C7A21BEDA}.Debug|Any CPU.Build.0 = Debug|Any CPU
		{2330B190-2C26-4FE4-890B-226C7A21BEDA}.Release|Any CPU.ActiveCfg = Release|Any CPU
		{2330B190-2C26-4FE4-890B-226C7A21BEDA}.Release|Any CPU.Build.0 = Release|Any CPU
		{77359D85-AB03-41BA-99D3-EE66A2F5B75F}.Debug|Any CPU.ActiveCfg = Debug|Any CPU
		{77359D85-AB03-41BA-99D3-EE66A2F5B75F}.Debug|Any CPU.Build.0 = Debug|Any CPU
		{77359D85-AB03-41BA-99D3-EE66A2F5B75F}.Release|Any CPU.ActiveCfg = Release|Any CPU
		{77359D85-AB03-41BA-99D3-EE66A2F5B75F}.Release|Any CPU.Build.0 = Release|Any CPU
		{580DA0FB-527F-4C24-89D6-BFAC18E5B7EC}.Debug|Any CPU.ActiveCfg = Debug|Any CPU
		{580DA0FB-527F-4C24-89D6-BFAC18E5B7EC}.Debug|Any CPU.Build.0 = Debug|Any CPU
		{580DA0FB-527F-4C24-89D6-BFAC18E5B7EC}.Release|Any CPU.ActiveCfg = Release|Any CPU
		{580DA0FB-527F-4C24-89D6-BFAC18E5B7EC}.Release|Any CPU.Build.0 = Release|Any CPU
		{836BE674-EEBE-4259-B556-997A3CCD3F27}.Debug|Any CPU.ActiveCfg = Debug|Any CPU
		{836BE674-EEBE-4259-B556-997A3CCD3F27}.Debug|Any CPU.Build.0 = Debug|Any CPU
		{836BE674-EEBE-4259-B556-997A3CCD3F27}.Release|Any CPU.ActiveCfg = Release|Any CPU
		{836BE674-EEBE-4259-B556-997A3CCD3F27}.Release|Any CPU.Build.0 = Release|Any CPU
		{227C0430-BBD7-4289-9AE7-5D66AC5D645B}.Debug|Any CPU.ActiveCfg = Debug|Any CPU
		{227C0430-BBD7-4289-9AE7-5D66AC5D645B}.Debug|Any CPU.Build.0 = Debug|Any CPU
		{227C0430-BBD7-4289-9AE7-5D66AC5D645B}.Release|Any CPU.ActiveCfg = Release|Any CPU
		{227C0430-BBD7-4289-9AE7-5D66AC5D645B}.Release|Any CPU.Build.0 = Release|Any CPU
		{751BA50D-FFC4-46BD-9477-BC3FA31364A9}.Debug|Any CPU.ActiveCfg = Debug|Any CPU
		{751BA50D-FFC4-46BD-9477-BC3FA31364A9}.Debug|Any CPU.Build.0 = Debug|Any CPU
		{751BA50D-FFC4-46BD-9477-BC3FA31364A9}.Release|Any CPU.ActiveCfg = Release|Any CPU
		{751BA50D-FFC4-46BD-9477-BC3FA31364A9}.Release|Any CPU.Build.0 = Release|Any CPU
	EndGlobalSection
	GlobalSection(SolutionProperties) = preSolution
		HideSolutionNode = FALSE
	EndGlobalSection
	GlobalSection(NestedProjects) = preSolution
		{E50AE872-56A9-4D1A-8E3B-3DE93341A9D4} = {A4938CEC-DF6C-46ED-811B-294BC2F9192C}
		{A6181309-D701-4FF4-9FCD-F6422553E24E} = {E50AE872-56A9-4D1A-8E3B-3DE93341A9D4}
		{2330B190-2C26-4FE4-890B-226C7A21BEDA} = {A6181309-D701-4FF4-9FCD-F6422553E24E}
		{77359D85-AB03-41BA-99D3-EE66A2F5B75F} = {A6181309-D701-4FF4-9FCD-F6422553E24E}
		{580DA0FB-527F-4C24-89D6-BFAC18E5B7EC} = {A6181309-D701-4FF4-9FCD-F6422553E24E}
		{836BE674-EEBE-4259-B556-997A3CCD3F27} = {A6181309-D701-4FF4-9FCD-F6422553E24E}
		{227C0430-BBD7-4289-9AE7-5D66AC5D645B} = {A6181309-D701-4FF4-9FCD-F6422553E24E}
		{751BA50D-FFC4-46BD-9477-BC3FA31364A9} = {A6181309-D701-4FF4-9FCD-F6422553E24E}
		{137E3EED-4372-431A-B7AD-1F7F2F168F3D} = {A4938CEC-DF6C-46ED-811B-294BC2F9192C}
		{D28F978F-FEBA-421D-B9E1-D2D6647B60A8} = {E50AE872-56A9-4D1A-8E3B-3DE93341A9D4}
		{71BA3589-10BD-4DEA-91BB-8D37A8131244} = {E50AE872-56A9-4D1A-8E3B-3DE93341A9D4}
	EndGlobalSection
	GlobalSection(ExtensibilityGlobals) = postSolution
		SolutionGuid = {2B478BA5-5E88-4E67-834A-78DD7B31C305}
	EndGlobalSection
EndGlobal
